
Microsoft Visual Studio Solution File, Format Version 12.00
# Visual Studio Version 17
VisualStudioVersion = 17.5.33516.290
MinimumVisualStudioVersion = 10.0.40219.1
Project("{FAE04EC0-301F-11D3-BF4B-00C04F79EFBC}") = "SuperShop", "SuperShop\SuperShop.csproj", "{674F1DFC-9490-4E5D-B66E-FB26257FE9C4}"
EndProject
Global
	GlobalSection(SolutionConfigurationPlatforms) = preSolution
		Debug|Any CPU = Debug|Any CPU
		Release|Any CPU = Release|Any CPU
	EndGlobalSection
	GlobalSection(ProjectConfigurationPlatforms) = postSolution
		{674F1DFC-9490-4E5D-B66E-FB26257FE9C4}.Debug|Any CPU.ActiveCfg = Debug|Any CPU
		{674F1DFC-9490-4E5D-B66E-FB26257FE9C4}.Debug|Any CPU.Build.0 = Debug|Any CPU
		{674F1DFC-9490-4E5D-B66E-FB26257FE9C4}.Release|Any CPU.ActiveCfg = Release|Any CPU
		{674F1DFC-9490-4E5D-B66E-FB26257FE9C4}.Release|Any CPU.Build.0 = Release|Any CPU
	EndGlobalSection
	GlobalSection(SolutionProperties) = preSolution
		HideSolutionNode = FALSE
	EndGlobalSection
	GlobalSection(ExtensibilityGlobals) = postSolution
		SolutionGuid = {BCD54358-DA29-4263-9286-91A51F59D76D}
	EndGlobalSection
EndGlobal
